// !$*UTF8*$!
{
	archiveVersion = 1;
	classes = {
	};
	objectVersion = 50;
	objects = {

/* Begin PBXBuildFile section */
		00B22358255DCC0A00C563E8 /* AppDelegate.swift in Sources */ = {isa = PBXBuildFile; fileRef = 00B22357255DCC0A00C563E8 /* AppDelegate.swift */; };
		00B2235A255DCC0A00C563E8 /* SceneDelegate.swift in Sources */ = {isa = PBXBuildFile; fileRef = 00B22359255DCC0A00C563E8 /* SceneDelegate.swift */; };
		00B2235C255DCC0A00C563E8 /* ViewController.swift in Sources */ = {isa = PBXBuildFile; fileRef = 00B2235B255DCC0A00C563E8 /* ViewController.swift */; };
		00B2235F255DCC0A00C563E8 /* Main.storyboard in Resources */ = {isa = PBXBuildFile; fileRef = 00B2235D255DCC0A00C563E8 /* Main.storyboard */; };
		00B22361255DCC0B00C563E8 /* Assets.xcassets in Resources */ = {isa = PBXBuildFile; fileRef = 00B22360255DCC0B00C563E8 /* Assets.xcassets */; };
		00B22364255DCC0B00C563E8 /* LaunchScreen.storyboard in Resources */ = {isa = PBXBuildFile; fileRef = 00B22362255DCC0B00C563E8 /* LaunchScreen.storyboard */; };
		00B2236F255DCC0B00C563E8 /* NintendoPriceTrackerTests.swift in Sources */ = {isa = PBXBuildFile; fileRef = 00B2236E255DCC0B00C563E8 /* NintendoPriceTrackerTests.swift */; };
		00B2237A255DCC0B00C563E8 /* NintendoPriceTrackerUITests.swift in Sources */ = {isa = PBXBuildFile; fileRef = 00B22379255DCC0B00C563E8 /* NintendoPriceTrackerUITests.swift */; };
		00FF8A2725670969000CC9F6 /* LoginViewController.swift in Sources */ = {isa = PBXBuildFile; fileRef = 00FF8A2625670969000CC9F6 /* LoginViewController.swift */; };
		00FF8A2C256709FD000CC9F6 /* LandingScreenViewController.swift in Sources */ = {isa = PBXBuildFile; fileRef = 00FF8A2B256709FD000CC9F6 /* LandingScreenViewController.swift */; };
		00FF8A312567159D000CC9F6 /* SignUpViewController.swift in Sources */ = {isa = PBXBuildFile; fileRef = 00FF8A302567159D000CC9F6 /* SignUpViewController.swift */; };
		00FF8A3E256716C1000CC9F6 /* MainPageTableViewController.swift in Sources */ = {isa = PBXBuildFile; fileRef = 00FF8A3D256716C1000CC9F6 /* MainPageTableViewController.swift */; };
/* End PBXBuildFile section */

/* Begin PBXContainerItemProxy section */
		00B2236B255DCC0B00C563E8 /* PBXContainerItemProxy */ = {
			isa = PBXContainerItemProxy;
			containerPortal = 00B2234C255DCC0A00C563E8 /* Project object */;
			proxyType = 1;
			remoteGlobalIDString = 00B22353255DCC0A00C563E8;
			remoteInfo = NintendoPriceTracker;
		};
		00B22376255DCC0B00C563E8 /* PBXContainerItemProxy */ = {
			isa = PBXContainerItemProxy;
			containerPortal = 00B2234C255DCC0A00C563E8 /* Project object */;
			proxyType = 1;
			remoteGlobalIDString = 00B22353255DCC0A00C563E8;
			remoteInfo = NintendoPriceTracker;
		};
/* End PBXContainerItemProxy section */

/* Begin PBXFileReference section */
		00B22354255DCC0A00C563E8 /* NintendoPriceTracker.app */ = {isa = PBXFileReference; explicitFileType = wrapper.application; includeInIndex = 0; path = NintendoPriceTracker.app; sourceTree = BUILT_PRODUCTS_DIR; };
		00B22357255DCC0A00C563E8 /* AppDelegate.swift */ = {isa = PBXFileReference; lastKnownFileType = sourcecode.swift; path = AppDelegate.swift; sourceTree = "<group>"; };
		00B22359255DCC0A00C563E8 /* SceneDelegate.swift */ = {isa = PBXFileReference; lastKnownFileType = sourcecode.swift; path = SceneDelegate.swift; sourceTree = "<group>"; };
		00B2235B255DCC0A00C563E8 /* ViewController.swift */ = {isa = PBXFileReference; lastKnownFileType = sourcecode.swift; path = ViewController.swift; sourceTree = "<group>"; };
		00B2235E255DCC0A00C563E8 /* Base */ = {isa = PBXFileReference; lastKnownFileType = file.storyboard; name = Base; path = Base.lproj/Main.storyboard; sourceTree = "<group>"; };
		00B22360255DCC0B00C563E8 /* Assets.xcassets */ = {isa = PBXFileReference; lastKnownFileType = folder.assetcatalog; path = Assets.xcassets; sourceTree = "<group>"; };
		00B22363255DCC0B00C563E8 /* Base */ = {isa = PBXFileReference; lastKnownFileType = file.storyboard; name = Base; path = Base.lproj/LaunchScreen.storyboard; sourceTree = "<group>"; };
		00B22365255DCC0B00C563E8 /* Info.plist */ = {isa = PBXFileReference; lastKnownFileType = text.plist.xml; path = Info.plist; sourceTree = "<group>"; };
		00B2236A255DCC0B00C563E8 /* NintendoPriceTrackerTests.xctest */ = {isa = PBXFileReference; explicitFileType = wrapper.cfbundle; includeInIndex = 0; path = NintendoPriceTrackerTests.xctest; sourceTree = BUILT_PRODUCTS_DIR; };
		00B2236E255DCC0B00C563E8 /* NintendoPriceTrackerTests.swift */ = {isa = PBXFileReference; lastKnownFileType = sourcecode.swift; path = NintendoPriceTrackerTests.swift; sourceTree = "<group>"; };
		00B22370255DCC0B00C563E8 /* Info.plist */ = {isa = PBXFileReference; lastKnownFileType = text.plist.xml; path = Info.plist; sourceTree = "<group>"; };
		00B22375255DCC0B00C563E8 /* NintendoPriceTrackerUITests.xctest */ = {isa = PBXFileReference; explicitFileType = wrapper.cfbundle; includeInIndex = 0; path = NintendoPriceTrackerUITests.xctest; sourceTree = BUILT_PRODUCTS_DIR; };
		00B22379255DCC0B00C563E8 /* NintendoPriceTrackerUITests.swift */ = {isa = PBXFileReference; lastKnownFileType = sourcecode.swift; path = NintendoPriceTrackerUITests.swift; sourceTree = "<group>"; };
		00B2237B255DCC0B00C563E8 /* Info.plist */ = {isa = PBXFileReference; lastKnownFileType = text.plist.xml; path = Info.plist; sourceTree = "<group>"; };
		00FF8A2625670969000CC9F6 /* LoginViewController.swift */ = {isa = PBXFileReference; lastKnownFileType = sourcecode.swift; path = LoginViewController.swift; sourceTree = "<group>"; };
		00FF8A2B256709FD000CC9F6 /* LandingScreenViewController.swift */ = {isa = PBXFileReference; lastKnownFileType = sourcecode.swift; path = LandingScreenViewController.swift; sourceTree = "<group>"; };
		00FF8A302567159D000CC9F6 /* SignUpViewController.swift */ = {isa = PBXFileReference; lastKnownFileType = sourcecode.swift; path = SignUpViewController.swift; sourceTree = "<group>"; };
		00FF8A3D256716C1000CC9F6 /* MainPageTableViewController.swift */ = {isa = PBXFileReference; lastKnownFileType = sourcecode.swift; path = MainPageTableViewController.swift; sourceTree = "<group>"; };
/* End PBXFileReference section */

/* Begin PBXFrameworksBuildPhase section */
		00B22351255DCC0A00C563E8 /* Frameworks */ = {
			isa = PBXFrameworksBuildPhase;
			buildActionMask = 2147483647;
			files = (
			);
			runOnlyForDeploymentPostprocessing = 0;
		};
		00B22367255DCC0B00C563E8 /* Frameworks */ = {
			isa = PBXFrameworksBuildPhase;
			buildActionMask = 2147483647;
			files = (
			);
			runOnlyForDeploymentPostprocessing = 0;
		};
		00B22372255DCC0B00C563E8 /* Frameworks */ = {
			isa = PBXFrameworksBuildPhase;
			buildActionMask = 2147483647;
			files = (
			);
			runOnlyForDeploymentPostprocessing = 0;
		};
/* End PBXFrameworksBuildPhase section */

/* Begin PBXGroup section */
		00B2234B255DCC0A00C563E8 = {
			isa = PBXGroup;
			children = (
				00B22356255DCC0A00C563E8 /* NintendoPriceTracker */,
				00B2236D255DCC0B00C563E8 /* NintendoPriceTrackerTests */,
				00B22378255DCC0B00C563E8 /* NintendoPriceTrackerUITests */,
				00B22355255DCC0A00C563E8 /* Products */,
			);
			sourceTree = "<group>";
		};
		00B22355255DCC0A00C563E8 /* Products */ = {
			isa = PBXGroup;
			children = (
				00B22354255DCC0A00C563E8 /* NintendoPriceTracker.app */,
				00B2236A255DCC0B00C563E8 /* NintendoPriceTrackerTests.xctest */,
				00B22375255DCC0B00C563E8 /* NintendoPriceTrackerUITests.xctest */,
			);
			name = Products;
			sourceTree = "<group>";
		};
		00B22356255DCC0A00C563E8 /* NintendoPriceTracker */ = {
			isa = PBXGroup;
			children = (
				00B22357255DCC0A00C563E8 /* AppDelegate.swift */,
				00B22359255DCC0A00C563E8 /* SceneDelegate.swift */,
				00B2235B255DCC0A00C563E8 /* ViewController.swift */,
				00B2235D255DCC0A00C563E8 /* Main.storyboard */,
				00B22360255DCC0B00C563E8 /* Assets.xcassets */,
				00B22362255DCC0B00C563E8 /* LaunchScreen.storyboard */,
				00B22365255DCC0B00C563E8 /* Info.plist */,
				00FF8A2625670969000CC9F6 /* LoginViewController.swift */,
				00FF8A2B256709FD000CC9F6 /* LandingScreenViewController.swift */,
				00FF8A302567159D000CC9F6 /* SignUpViewController.swift */,
				00FF8A3D256716C1000CC9F6 /* MainPageTableViewController.swift */,
			);
			path = NintendoPriceTracker;
			sourceTree = "<group>";
		};
		00B2236D255DCC0B00C563E8 /* NintendoPriceTrackerTests */ = {
			isa = PBXGroup;
			children = (
				00B2236E255DCC0B00C563E8 /* NintendoPriceTrackerTests.swift */,
				00B22370255DCC0B00C563E8 /* Info.plist */,
			);
			path = NintendoPriceTrackerTests;
			sourceTree = "<group>";
		};
		00B22378255DCC0B00C563E8 /* NintendoPriceTrackerUITests */ = {
			isa = PBXGroup;
			children = (
				00B22379255DCC0B00C563E8 /* NintendoPriceTrackerUITests.swift */,
				00B2237B255DCC0B00C563E8 /* Info.plist */,
			);
			path = NintendoPriceTrackerUITests;
			sourceTree = "<group>";
		};
/* End PBXGroup section */

/* Begin PBXNativeTarget section */
		00B22353255DCC0A00C563E8 /* NintendoPriceTracker */ = {
			isa = PBXNativeTarget;
			buildConfigurationList = 00B2237E255DCC0B00C563E8 /* Build configuration list for PBXNativeTarget "NintendoPriceTracker" */;
			buildPhases = (
				00B22350255DCC0A00C563E8 /* Sources */,
				00B22351255DCC0A00C563E8 /* Frameworks */,
				00B22352255DCC0A00C563E8 /* Resources */,
			);
			buildRules = (
			);
			dependencies = (
			);
			name = NintendoPriceTracker;
			productName = NintendoPriceTracker;
			productReference = 00B22354255DCC0A00C563E8 /* NintendoPriceTracker.app */;
			productType = "com.apple.product-type.application";
		};
		00B22369255DCC0B00C563E8 /* NintendoPriceTrackerTests */ = {
			isa = PBXNativeTarget;
			buildConfigurationList = 00B22381255DCC0B00C563E8 /* Build configuration list for PBXNativeTarget "NintendoPriceTrackerTests" */;
			buildPhases = (
				00B22366255DCC0B00C563E8 /* Sources */,
				00B22367255DCC0B00C563E8 /* Frameworks */,
				00B22368255DCC0B00C563E8 /* Resources */,
			);
			buildRules = (
			);
			dependencies = (
				00B2236C255DCC0B00C563E8 /* PBXTargetDependency */,
			);
			name = NintendoPriceTrackerTests;
			productName = NintendoPriceTrackerTests;
			productReference = 00B2236A255DCC0B00C563E8 /* NintendoPriceTrackerTests.xctest */;
			productType = "com.apple.product-type.bundle.unit-test";
		};
		00B22374255DCC0B00C563E8 /* NintendoPriceTrackerUITests */ = {
			isa = PBXNativeTarget;
			buildConfigurationList = 00B22384255DCC0B00C563E8 /* Build configuration list for PBXNativeTarget "NintendoPriceTrackerUITests" */;
			buildPhases = (
				00B22371255DCC0B00C563E8 /* Sources */,
				00B22372255DCC0B00C563E8 /* Frameworks */,
				00B22373255DCC0B00C563E8 /* Resources */,
			);
			buildRules = (
			);
			dependencies = (
				00B22377255DCC0B00C563E8 /* PBXTargetDependency */,
			);
			name = NintendoPriceTrackerUITests;
			productName = NintendoPriceTrackerUITests;
			productReference = 00B22375255DCC0B00C563E8 /* NintendoPriceTrackerUITests.xctest */;
			productType = "com.apple.product-type.bundle.ui-testing";
		};
/* End PBXNativeTarget section */

/* Begin PBXProject section */
		00B2234C255DCC0A00C563E8 /* Project object */ = {
			isa = PBXProject;
			attributes = {
				LastSwiftUpdateCheck = 1210;
				LastUpgradeCheck = 1210;
				TargetAttributes = {
					00B22353255DCC0A00C563E8 = {
						CreatedOnToolsVersion = 12.1;
					};
					00B22369255DCC0B00C563E8 = {
						CreatedOnToolsVersion = 12.1;
						TestTargetID = 00B22353255DCC0A00C563E8;
					};
					00B22374255DCC0B00C563E8 = {
						CreatedOnToolsVersion = 12.1;
						TestTargetID = 00B22353255DCC0A00C563E8;
					};
				};
			};
			buildConfigurationList = 00B2234F255DCC0A00C563E8 /* Build configuration list for PBXProject "NintendoPriceTracker" */;
			compatibilityVersion = "Xcode 9.3";
			developmentRegion = en;
			hasScannedForEncodings = 0;
			knownRegions = (
				en,
				Base,
			);
			mainGroup = 00B2234B255DCC0A00C563E8;
			productRefGroup = 00B22355255DCC0A00C563E8 /* Products */;
			projectDirPath = "";
			projectRoot = "";
			targets = (
				00B22353255DCC0A00C563E8 /* NintendoPriceTracker */,
				00B22369255DCC0B00C563E8 /* NintendoPriceTrackerTests */,
				00B22374255DCC0B00C563E8 /* NintendoPriceTrackerUITests */,
			);
		};
/* End PBXProject section */

/* Begin PBXResourcesBuildPhase section */
		00B22352255DCC0A00C563E8 /* Resources */ = {
			isa = PBXResourcesBuildPhase;
			buildActionMask = 2147483647;
			files = (
				00B22364255DCC0B00C563E8 /* LaunchScreen.storyboard in Resources */,
				00B22361255DCC0B00C563E8 /* Assets.xcassets in Resources */,
				00B2235F255DCC0A00C563E8 /* Main.storyboard in Resources */,
			);
			runOnlyForDeploymentPostprocessing = 0;
		};
		00B22368255DCC0B00C563E8 /* Resources */ = {
			isa = PBXResourcesBuildPhase;
			buildActionMask = 2147483647;
			files = (
			);
			runOnlyForDeploymentPostprocessing = 0;
		};
		00B22373255DCC0B00C563E8 /* Resources */ = {
			isa = PBXResourcesBuildPhase;
			buildActionMask = 2147483647;
			files = (
			);
			runOnlyForDeploymentPostprocessing = 0;
		};
/* End PBXResourcesBuildPhase section */

/* Begin PBXSourcesBuildPhase section */
		00B22350255DCC0A00C563E8 /* Sources */ = {
			isa = PBXSourcesBuildPhase;
			buildActionMask = 2147483647;
			files = (
				00FF8A312567159D000CC9F6 /* SignUpViewController.swift in Sources */,
				00FF8A2725670969000CC9F6 /* LoginViewController.swift in Sources */,
				00B2235C255DCC0A00C563E8 /* ViewController.swift in Sources */,
				00FF8A2C256709FD000CC9F6 /* LandingScreenViewController.swift in Sources */,
				00FF8A3E256716C1000CC9F6 /* MainPageTableViewController.swift in Sources */,
				00B22358255DCC0A00C563E8 /* AppDelegate.swift in Sources */,
				00B2235A255DCC0A00C563E8 /* SceneDelegate.swift in Sources */,
			);
			runOnlyForDeploymentPostprocessing = 0;
		};
		00B22366255DCC0B00C563E8 /* Sources */ = {
			isa = PBXSourcesBuildPhase;
			buildActionMask = 2147483647;
			files = (
				00B2236F255DCC0B00C563E8 /* NintendoPriceTrackerTests.swift in Sources */,
			);
			runOnlyForDeploymentPostprocessing = 0;
		};
		00B22371255DCC0B00C563E8 /* Sources */ = {
			isa = PBXSourcesBuildPhase;
			buildActionMask = 2147483647;
			files = (
				00B2237A255DCC0B00C563E8 /* NintendoPriceTrackerUITests.swift in Sources */,
			);
			runOnlyForDeploymentPostprocessing = 0;
		};
/* End PBXSourcesBuildPhase section */

/* Begin PBXTargetDependency section */
		00B2236C255DCC0B00C563E8 /* PBXTargetDependency */ = {
			isa = PBXTargetDependency;
			target = 00B22353255DCC0A00C563E8 /* NintendoPriceTracker */;
			targetProxy = 00B2236B255DCC0B00C563E8 /* PBXContainerItemProxy */;
		};
		00B22377255DCC0B00C563E8 /* PBXTargetDependency */ = {
			isa = PBXTargetDependency;
			target = 00B22353255DCC0A00C563E8 /* NintendoPriceTracker */;
			targetProxy = 00B22376255DCC0B00C563E8 /* PBXContainerItemProxy */;
		};
/* End PBXTargetDependency section */

/* Begin PBXVariantGroup section */
		00B2235D255DCC0A00C563E8 /* Main.storyboard */ = {
			isa = PBXVariantGroup;
			children = (
				00B2235E255DCC0A00C563E8 /* Base */,
			);
			name = Main.storyboard;
			sourceTree = "<group>";
		};
		00B22362255DCC0B00C563E8 /* LaunchScreen.storyboard */ = {
			isa = PBXVariantGroup;
			children = (
				00B22363255DCC0B00C563E8 /* Base */,
			);
			name = LaunchScreen.storyboard;
			sourceTree = "<group>";
		};
/* End PBXVariantGroup section */

/* Begin XCBuildConfiguration section */
		00B2237C255DCC0B00C563E8 /* Debug */ = {
			isa = XCBuildConfiguration;
			buildSettings = {
				ALWAYS_SEARCH_USER_PATHS = NO;
				CLANG_ANALYZER_NONNULL = YES;
				CLANG_ANALYZER_NUMBER_OBJECT_CONVERSION = YES_AGGRESSIVE;
				CLANG_CXX_LANGUAGE_STANDARD = "gnu++14";
				CLANG_CXX_LIBRARY = "libc++";
				CLANG_ENABLE_MODULES = YES;
				CLANG_ENABLE_OBJC_ARC = YES;
				CLANG_ENABLE_OBJC_WEAK = YES;
				CLANG_WARN_BLOCK_CAPTURE_AUTORELEASING = YES;
				CLANG_WARN_BOOL_CONVERSION = YES;
				CLANG_WARN_COMMA = YES;
				CLANG_WARN_CONSTANT_CONVERSION = YES;
				CLANG_WARN_DEPRECATED_OBJC_IMPLEMENTATIONS = YES;
				CLANG_WARN_DIRECT_OBJC_ISA_USAGE = YES_ERROR;
				CLANG_WARN_DOCUMENTATION_COMMENTS = YES;
				CLANG_WARN_EMPTY_BODY = YES;
				CLANG_WARN_ENUM_CONVERSION = YES;
				CLANG_WARN_INFINITE_RECURSION = YES;
				CLANG_WARN_INT_CONVERSION = YES;
				CLANG_WARN_NON_LITERAL_NULL_CONVERSION = YES;
				CLANG_WARN_OBJC_IMPLICIT_RETAIN_SELF = YES;
				CLANG_WARN_OBJC_LITERAL_CONVERSION = YES;
				CLANG_WARN_OBJC_ROOT_CLASS = YES_ERROR;
				CLANG_WARN_QUOTED_INCLUDE_IN_FRAMEWORK_HEADER = YES;
				CLANG_WARN_RANGE_LOOP_ANALYSIS = YES;
				CLANG_WARN_STRICT_PROTOTYPES = YES;
				CLANG_WARN_SUSPICIOUS_MOVE = YES;
				CLANG_WARN_UNGUARDED_AVAILABILITY = YES_AGGRESSIVE;
				CLANG_WARN_UNREACHABLE_CODE = YES;
				CLANG_WARN__DUPLICATE_METHOD_MATCH = YES;
				COPY_PHASE_STRIP = NO;
				DEBUG_INFORMATION_FORMAT = dwarf;
				ENABLE_STRICT_OBJC_MSGSEND = YES;
				ENABLE_TESTABILITY = YES;
				GCC_C_LANGUAGE_STANDARD = gnu11;
				GCC_DYNAMIC_NO_PIC = NO;
				GCC_NO_COMMON_BLOCKS = YES;
				GCC_OPTIMIZATION_LEVEL = 0;
				GCC_PREPROCESSOR_DEFINITIONS = (
					"DEBUG=1",
					"$(inherited)",
				);
				GCC_WARN_64_TO_32_BIT_CONVERSION = YES;
				GCC_WARN_ABOUT_RETURN_TYPE = YES_ERROR;
				GCC_WARN_UNDECLARED_SELECTOR = YES;
				GCC_WARN_UNINITIALIZED_AUTOS = YES_AGGRESSIVE;
				GCC_WARN_UNUSED_FUNCTION = YES;
				GCC_WARN_UNUSED_VARIABLE = YES;
				IPHONEOS_DEPLOYMENT_TARGET = 14.1;
				MTL_ENABLE_DEBUG_INFO = INCLUDE_SOURCE;
				MTL_FAST_MATH = YES;
				ONLY_ACTIVE_ARCH = YES;
				SDKROOT = iphoneos;
				SWIFT_ACTIVE_COMPILATION_CONDITIONS = DEBUG;
				SWIFT_OPTIMIZATION_LEVEL = "-Onone";
			};
			name = Debug;
		};
		00B2237D255DCC0B00C563E8 /* Release */ = {
			isa = XCBuildConfiguration;
			buildSettings = {
				ALWAYS_SEARCH_USER_PATHS = NO;
				CLANG_ANALYZER_NONNULL = YES;
				CLANG_ANALYZER_NUMBER_OBJECT_CONVERSION = YES_AGGRESSIVE;
				CLANG_CXX_LANGUAGE_STANDARD = "gnu++14";
				CLANG_CXX_LIBRARY = "libc++";
				CLANG_ENABLE_MODULES = YES;
				CLANG_ENABLE_OBJC_ARC = YES;
				CLANG_ENABLE_OBJC_WEAK = YES;
				CLANG_WARN_BLOCK_CAPTURE_AUTORELEASING = YES;
				CLANG_WARN_BOOL_CONVERSION = YES;
				CLANG_WARN_COMMA = YES;
				CLANG_WARN_CONSTANT_CONVERSION = YES;
				CLANG_WARN_DEPRECATED_OBJC_IMPLEMENTATIONS = YES;
				CLANG_WARN_DIRECT_OBJC_ISA_USAGE = YES_ERROR;
				CLANG_WARN_DOCUMENTATION_COMMENTS = YES;
				CLANG_WARN_EMPTY_BODY = YES;
				CLANG_WARN_ENUM_CONVERSION = YES;
				CLANG_WARN_INFINITE_RECURSION = YES;
				CLANG_WARN_INT_CONVERSION = YES;
				CLANG_WARN_NON_LITERAL_NULL_CONVERSION = YES;
				CLANG_WARN_OBJC_IMPLICIT_RETAIN_SELF = YES;
				CLANG_WARN_OBJC_LITERAL_CONVERSION = YES;
				CLANG_WARN_OBJC_ROOT_CLASS = YES_ERROR;
				CLANG_WARN_QUOTED_INCLUDE_IN_FRAMEWORK_HEADER = YES;
				CLANG_WARN_RANGE_LOOP_ANALYSIS = YES;
				CLANG_WARN_STRICT_PROTOTYPES = YES;
				CLANG_WARN_SUSPICIOUS_MOVE = YES;
				CLANG_WARN_UNGUARDED_AVAILABILITY = YES_AGGRESSIVE;
				CLANG_WARN_UNREACHABLE_CODE = YES;
				CLANG_WARN__DUPLICATE_METHOD_MATCH = YES;
				COPY_PHASE_STRIP = NO;
				DEBUG_INFORMATION_FORMAT = "dwarf-with-dsym";
				ENABLE_NS_ASSERTIONS = NO;
				ENABLE_STRICT_OBJC_MSGSEND = YES;
				GCC_C_LANGUAGE_STANDARD = gnu11;
				GCC_NO_COMMON_BLOCKS = YES;
				GCC_WARN_64_TO_32_BIT_CONVERSION = YES;
				GCC_WARN_ABOUT_RETURN_TYPE = YES_ERROR;
				GCC_WARN_UNDECLARED_SELECTOR = YES;
				GCC_WARN_UNINITIALIZED_AUTOS = YES_AGGRESSIVE;
				GCC_WARN_UNUSED_FUNCTION = YES;
				GCC_WARN_UNUSED_VARIABLE = YES;
				IPHONEOS_DEPLOYMENT_TARGET = 14.1;
				MTL_ENABLE_DEBUG_INFO = NO;
				MTL_FAST_MATH = YES;
				SDKROOT = iphoneos;
				SWIFT_COMPILATION_MODE = wholemodule;
				SWIFT_OPTIMIZATION_LEVEL = "-O";
				VALIDATE_PRODUCT = YES;
			};
			name = Release;
		};
		00B2237F255DCC0B00C563E8 /* Debug */ = {
			isa = XCBuildConfiguration;
			buildSettings = {
				ASSETCATALOG_COMPILER_APPICON_NAME = AppIcon;
				ASSETCATALOG_COMPILER_GLOBAL_ACCENT_COLOR_NAME = AccentColor;
				CODE_SIGN_STYLE = Automatic;
				INFOPLIST_FILE = NintendoPriceTracker/Info.plist;
				LD_RUNPATH_SEARCH_PATHS = (
					"$(inherited)",
					"@executable_path/Frameworks",
				);
				PRODUCT_BUNDLE_IDENTIFIER = tettehmel.NintendoPriceTracker;
				PRODUCT_NAME = "$(TARGET_NAME)";
				SWIFT_VERSION = 5.0;
				TARGETED_DEVICE_FAMILY = "1,2";
			};
			name = Debug;
		};
		00B22380255DCC0B00C563E8 /* Release */ = {
			isa = XCBuildConfiguration;
			buildSettings = {
				ASSETCATALOG_COMPILER_APPICON_NAME = AppIcon;
				ASSETCATALOG_COMPILER_GLOBAL_ACCENT_COLOR_NAME = AccentColor;
				CODE_SIGN_STYLE = Automatic;
				INFOPLIST_FILE = NintendoPriceTracker/Info.plist;
				LD_RUNPATH_SEARCH_PATHS = (
					"$(inherited)",
					"@executable_path/Frameworks",
				);
				PRODUCT_BUNDLE_IDENTIFIER = tettehmel.NintendoPriceTracker;
				PRODUCT_NAME = "$(TARGET_NAME)";
				SWIFT_VERSION = 5.0;
				TARGETED_DEVICE_FAMILY = "1,2";
			};
			name = Release;
		};
		00B22382255DCC0B00C563E8 /* Debug */ = {
			isa = XCBuildConfiguration;
			buildSettings = {
				ALWAYS_EMBED_SWIFT_STANDARD_LIBRARIES = YES;
				BUNDLE_LOADER = "$(TEST_HOST)";
				CODE_SIGN_STYLE = Automatic;
				INFOPLIST_FILE = NintendoPriceTrackerTests/Info.plist;
				IPHONEOS_DEPLOYMENT_TARGET = 14.1;
				LD_RUNPATH_SEARCH_PATHS = (
					"$(inherited)",
					"@executable_path/Frameworks",
					"@loader_path/Frameworks",
				);
				PRODUCT_BUNDLE_IDENTIFIER = tettehmel.NintendoPriceTrackerTests;
				PRODUCT_NAME = "$(TARGET_NAME)";
				SWIFT_VERSION = 5.0;
				TARGETED_DEVICE_FAMILY = "1,2";
				TEST_HOST = "$(BUILT_PRODUCTS_DIR)/NintendoPriceTracker.app/NintendoPriceTracker";
			};
			name = Debug;
		};
		00B22383255DCC0B00C563E8 /* Release */ = {
			isa = XCBuildConfiguration;
			buildSettings = {
				ALWAYS_EMBED_SWIFT_STANDARD_LIBRARIES = YES;
				BUNDLE_LOADER = "$(TEST_HOST)";
				CODE_SIGN_STYLE = Automatic;
				INFOPLIST_FILE = NintendoPriceTrackerTests/Info.plist;
				IPHONEOS_DEPLOYMENT_TARGET = 14.1;
				LD_RUNPATH_SEARCH_PATHS = (
					"$(inherited)",
					"@executable_path/Frameworks",
					"@loader_path/Frameworks",
				);
				PRODUCT_BUNDLE_IDENTIFIER = tettehmel.NintendoPriceTrackerTests;
				PRODUCT_NAME = "$(TARGET_NAME)";
				SWIFT_VERSION = 5.0;
				TARGETED_DEVICE_FAMILY = "1,2";
				TEST_HOST = "$(BUILT_PRODUCTS_DIR)/NintendoPriceTracker.app/NintendoPriceTracker";
			};
			name = Release;
		};
		00B22385255DCC0B00C563E8 /* Debug */ = {
			isa = XCBuildConfiguration;
			buildSettings = {
				ALWAYS_EMBED_SWIFT_STANDARD_LIBRARIES = YES;
				CODE_SIGN_STYLE = Automatic;
				INFOPLIST_FILE = NintendoPriceTrackerUITests/Info.plist;
				LD_RUNPATH_SEARCH_PATHS = (
					"$(inherited)",
					"@executable_path/Frameworks",
					"@loader_path/Frameworks",
				);
				PRODUCT_BUNDLE_IDENTIFIER = tettehmel.NintendoPriceTrackerUITests;
				PRODUCT_NAME = "$(TARGET_NAME)";
				SWIFT_VERSION = 5.0;
				TARGETED_DEVICE_FAMILY = "1,2";
				TEST_TARGET_NAME = NintendoPriceTracker;
			};
			name = Debug;
		};
		00B22386255DCC0B00C563E8 /* Release */ = {
			isa = XCBuildConfiguration;
			buildSettings = {
				ALWAYS_EMBED_SWIFT_STANDARD_LIBRARIES = YES;
				CODE_SIGN_STYLE = Automatic;
				INFOPLIST_FILE = NintendoPriceTrackerUITests/Info.plist;
				LD_RUNPATH_SEARCH_PATHS = (
					"$(inherited)",
					"@executable_path/Frameworks",
					"@loader_path/Frameworks",
				);
				PRODUCT_BUNDLE_IDENTIFIER = tettehmel.NintendoPriceTrackerUITests;
				PRODUCT_NAME = "$(TARGET_NAME)";
				SWIFT_VERSION = 5.0;
				TARGETED_DEVICE_FAMILY = "1,2";
				TEST_TARGET_NAME = NintendoPriceTracker;
			};
			name = Release;
		};
/* End XCBuildConfiguration section */

/* Begin XCConfigurationList section */
		00B2234F255DCC0A00C563E8 /* Build configuration list for PBXProject "NintendoPriceTracker" */ = {
			isa = XCConfigurationList;
			buildConfigurations = (
				00B2237C255DCC0B00C563E8 /* Debug */,
				00B2237D255DCC0B00C563E8 /* Release */,
			);
			defaultConfigurationIsVisible = 0;
			defaultConfigurationName = Release;
		};
		00B2237E255DCC0B00C563E8 /* Build configuration list for PBXNativeTarget "NintendoPriceTracker" */ = {
			isa = XCConfigurationList;
			buildConfigurations = (
				00B2237F255DCC0B00C563E8 /* Debug */,
				00B22380255DCC0B00C563E8 /* Release */,
			);
			defaultConfigurationIsVisible = 0;
			defaultConfigurationName = Release;
		};
		00B22381255DCC0B00C563E8 /* Build configuration list for PBXNativeTarget "NintendoPriceTrackerTests" */ = {
			isa = XCConfigurationList;
			buildConfigurations = (
				00B22382255DCC0B00C563E8 /* Debug */,
				00B22383255DCC0B00C563E8 /* Release */,
			);
			defaultConfigurationIsVisible = 0;
			defaultConfigurationName = Release;
		};
		00B22384255DCC0B00C563E8 /* Build configuration list for PBXNativeTarget "NintendoPriceTrackerUITests" */ = {
			isa = XCConfigurationList;
			buildConfigurations = (
				00B22385255DCC0B00C563E8 /* Debug */,
				00B22386255DCC0B00C563E8 /* Release */,
			);
			defaultConfigurationIsVisible = 0;
			defaultConfigurationName = Release;
		};
/* End XCConfigurationList section */
	};
	rootObject = 00B2234C255DCC0A00C563E8 /* Project object */;
}
