// !$*UTF8*$!
{
	archiveVersion = 1;
	classes = {
	};
	objectVersion = 51;
	objects = {

/* Begin PBXBuildFile section */
		00B22358255DCC0A00C563E8 /* AppDelegate.swift in Sources */ = {isa = PBXBuildFile; fileRef = 00B22357255DCC0A00C563E8 /* AppDelegate.swift */; };
		00B2235A255DCC0A00C563E8 /* SceneDelegate.swift in Sources */ = {isa = PBXBuildFile; fileRef = 00B22359255DCC0A00C563E8 /* SceneDelegate.swift */; };
		00B2235F255DCC0A00C563E8 /* Main.storyboard in Resources */ = {isa = PBXBuildFile; fileRef = 00B2235D255DCC0A00C563E8 /* Main.storyboard */; };
		00B22361255DCC0B00C563E8 /* Assets.xcassets in Resources */ = {isa = PBXBuildFile; fileRef = 00B22360255DCC0B00C563E8 /* Assets.xcassets */; };
		00B22364255DCC0B00C563E8 /* LaunchScreen.storyboard in Resources */ = {isa = PBXBuildFile; fileRef = 00B22362255DCC0B00C563E8 /* LaunchScreen.storyboard */; };
		00B2236F255DCC0B00C563E8 /* NintendoPriceTrackerTests.swift in Sources */ = {isa = PBXBuildFile; fileRef = 00B2236E255DCC0B00C563E8 /* NintendoPriceTrackerTests.swift */; };
		00B2237A255DCC0B00C563E8 /* NintendoPriceTrackerUITests.swift in Sources */ = {isa = PBXBuildFile; fileRef = 00B22379255DCC0B00C563E8 /* NintendoPriceTrackerUITests.swift */; };
		00FD6749257988090088E2EA /* MainViewController.swift in Sources */ = {isa = PBXBuildFile; fileRef = 00FD6748257988090088E2EA /* MainViewController.swift */; };
		00FF8A2C256709FD000CC9F6 /* LandingScreenViewController.swift in Sources */ = {isa = PBXBuildFile; fileRef = 00FF8A2B256709FD000CC9F6 /* LandingScreenViewController.swift */; };
		52B0D6C858A74651F1156162 /* Pods_NintendoPriceTrackerTests.framework in Frameworks */ = {isa = PBXBuildFile; fileRef = DA9924F39919F406543D22EA /* Pods_NintendoPriceTrackerTests.framework */; };
		816A36F62582A9360016F0F9 /* GameDealsCollectionViewCell.swift in Sources */ = {isa = PBXBuildFile; fileRef = 816A36F42582A9360016F0F9 /* GameDealsCollectionViewCell.swift */; };
		816A36F72582A9360016F0F9 /* GameDealsCollectionViewCell.xib in Resources */ = {isa = PBXBuildFile; fileRef = 816A36F52582A9360016F0F9 /* GameDealsCollectionViewCell.xib */; };
		816A36FD2582AC220016F0F9 /* GameDealsCollectionTableViewCell.swift in Sources */ = {isa = PBXBuildFile; fileRef = 816A36FB2582AC220016F0F9 /* GameDealsCollectionTableViewCell.swift */; };
		816A36FE2582AC220016F0F9 /* GameDealsCollectionTableViewCell.xib in Resources */ = {isa = PBXBuildFile; fileRef = 816A36FC2582AC220016F0F9 /* GameDealsCollectionTableViewCell.xib */; };
		81EBF0322583430A00996EAA /* GameDetailsViewController.swift in Sources */ = {isa = PBXBuildFile; fileRef = 81EBF0312583430A00996EAA /* GameDetailsViewController.swift */; };
		82526BF269889A61844F3027 /* Pods_NintendoPriceTracker_NintendoPriceTrackerUITests.framework in Frameworks */ = {isa = PBXBuildFile; fileRef = E23EEBE96539E633723BCE8C /* Pods_NintendoPriceTracker_NintendoPriceTrackerUITests.framework */; };
		A0D53826946FF0E73A672872 /* Pods_NintendoPriceTracker.framework in Frameworks */ = {isa = PBXBuildFile; fileRef = 7CF54CE6C59588D3436553A9 /* Pods_NintendoPriceTracker.framework */; };
/* End PBXBuildFile section */

/* Begin PBXContainerItemProxy section */
		00B2236B255DCC0B00C563E8 /* PBXContainerItemProxy */ = {
			isa = PBXContainerItemProxy;
			containerPortal = 00B2234C255DCC0A00C563E8 /* Project object */;
			proxyType = 1;
			remoteGlobalIDString = 00B22353255DCC0A00C563E8;
			remoteInfo = NintendoPriceTracker;
		};
		00B22376255DCC0B00C563E8 /* PBXContainerItemProxy */ = {
			isa = PBXContainerItemProxy;
			containerPortal = 00B2234C255DCC0A00C563E8 /* Project object */;
			proxyType = 1;
			remoteGlobalIDString = 00B22353255DCC0A00C563E8;
			remoteInfo = NintendoPriceTracker;
		};
/* End PBXContainerItemProxy section */

/* Begin PBXFileReference section */
		00B22354255DCC0A00C563E8 /* NintendoPriceTracker.app */ = {isa = PBXFileReference; explicitFileType = wrapper.application; includeInIndex = 0; path = NintendoPriceTracker.app; sourceTree = BUILT_PRODUCTS_DIR; };
		00B22357255DCC0A00C563E8 /* AppDelegate.swift */ = {isa = PBXFileReference; lastKnownFileType = sourcecode.swift; path = AppDelegate.swift; sourceTree = "<group>"; };
		00B22359255DCC0A00C563E8 /* SceneDelegate.swift */ = {isa = PBXFileReference; lastKnownFileType = sourcecode.swift; path = SceneDelegate.swift; sourceTree = "<group>"; };
		00B2235E255DCC0A00C563E8 /* Base */ = {isa = PBXFileReference; lastKnownFileType = file.storyboard; name = Base; path = Base.lproj/Main.storyboard; sourceTree = "<group>"; };
		00B22360255DCC0B00C563E8 /* Assets.xcassets */ = {isa = PBXFileReference; lastKnownFileType = folder.assetcatalog; path = Assets.xcassets; sourceTree = "<group>"; };
		00B22363255DCC0B00C563E8 /* Base */ = {isa = PBXFileReference; lastKnownFileType = file.storyboard; name = Base; path = Base.lproj/LaunchScreen.storyboard; sourceTree = "<group>"; };
		00B22365255DCC0B00C563E8 /* Info.plist */ = {isa = PBXFileReference; lastKnownFileType = text.plist.xml; path = Info.plist; sourceTree = "<group>"; };
		00B2236A255DCC0B00C563E8 /* NintendoPriceTrackerTests.xctest */ = {isa = PBXFileReference; explicitFileType = wrapper.cfbundle; includeInIndex = 0; path = NintendoPriceTrackerTests.xctest; sourceTree = BUILT_PRODUCTS_DIR; };
		00B2236E255DCC0B00C563E8 /* NintendoPriceTrackerTests.swift */ = {isa = PBXFileReference; lastKnownFileType = sourcecode.swift; path = NintendoPriceTrackerTests.swift; sourceTree = "<group>"; };
		00B22370255DCC0B00C563E8 /* Info.plist */ = {isa = PBXFileReference; lastKnownFileType = text.plist.xml; path = Info.plist; sourceTree = "<group>"; };
		00B22375255DCC0B00C563E8 /* NintendoPriceTrackerUITests.xctest */ = {isa = PBXFileReference; explicitFileType = wrapper.cfbundle; includeInIndex = 0; path = NintendoPriceTrackerUITests.xctest; sourceTree = BUILT_PRODUCTS_DIR; };
		00B22379255DCC0B00C563E8 /* NintendoPriceTrackerUITests.swift */ = {isa = PBXFileReference; lastKnownFileType = sourcecode.swift; path = NintendoPriceTrackerUITests.swift; sourceTree = "<group>"; };
		00B2237B255DCC0B00C563E8 /* Info.plist */ = {isa = PBXFileReference; lastKnownFileType = text.plist.xml; path = Info.plist; sourceTree = "<group>"; };
		00FD6748257988090088E2EA /* MainViewController.swift */ = {isa = PBXFileReference; lastKnownFileType = sourcecode.swift; path = MainViewController.swift; sourceTree = "<group>"; };
		00FF8A2B256709FD000CC9F6 /* LandingScreenViewController.swift */ = {isa = PBXFileReference; lastKnownFileType = sourcecode.swift; path = LandingScreenViewController.swift; sourceTree = "<group>"; };
		3F5A8143F05E49F462F5738F /* Pods-NintendoPriceTracker-NintendoPriceTrackerUITests.release.xcconfig */ = {isa = PBXFileReference; includeInIndex = 1; lastKnownFileType = text.xcconfig; name = "Pods-NintendoPriceTracker-NintendoPriceTrackerUITests.release.xcconfig"; path = "Target Support Files/Pods-NintendoPriceTracker-NintendoPriceTrackerUITests/Pods-NintendoPriceTracker-NintendoPriceTrackerUITests.release.xcconfig"; sourceTree = "<group>"; };
		4DF9E1990834737A59A46ACB /* Pods-NintendoPriceTrackerTests.debug.xcconfig */ = {isa = PBXFileReference; includeInIndex = 1; lastKnownFileType = text.xcconfig; name = "Pods-NintendoPriceTrackerTests.debug.xcconfig"; path = "Target Support Files/Pods-NintendoPriceTrackerTests/Pods-NintendoPriceTrackerTests.debug.xcconfig"; sourceTree = "<group>"; };
		5ABFF9ED9FB9E2B5838E881C /* Pods-NintendoPriceTracker.debug.xcconfig */ = {isa = PBXFileReference; includeInIndex = 1; lastKnownFileType = text.xcconfig; name = "Pods-NintendoPriceTracker.debug.xcconfig"; path = "Target Support Files/Pods-NintendoPriceTracker/Pods-NintendoPriceTracker.debug.xcconfig"; sourceTree = "<group>"; };
		5D063A9BC35D3FAEAC08D06D /* Pods-NintendoPriceTrackerTests.release.xcconfig */ = {isa = PBXFileReference; includeInIndex = 1; lastKnownFileType = text.xcconfig; name = "Pods-NintendoPriceTrackerTests.release.xcconfig"; path = "Target Support Files/Pods-NintendoPriceTrackerTests/Pods-NintendoPriceTrackerTests.release.xcconfig"; sourceTree = "<group>"; };
		7CF54CE6C59588D3436553A9 /* Pods_NintendoPriceTracker.framework */ = {isa = PBXFileReference; explicitFileType = wrapper.framework; includeInIndex = 0; path = Pods_NintendoPriceTracker.framework; sourceTree = BUILT_PRODUCTS_DIR; };
		816A36F42582A9360016F0F9 /* GameDealsCollectionViewCell.swift */ = {isa = PBXFileReference; lastKnownFileType = sourcecode.swift; path = GameDealsCollectionViewCell.swift; sourceTree = "<group>"; };
		816A36F52582A9360016F0F9 /* GameDealsCollectionViewCell.xib */ = {isa = PBXFileReference; lastKnownFileType = file.xib; path = GameDealsCollectionViewCell.xib; sourceTree = "<group>"; };
		816A36FB2582AC220016F0F9 /* GameDealsCollectionTableViewCell.swift */ = {isa = PBXFileReference; lastKnownFileType = sourcecode.swift; path = GameDealsCollectionTableViewCell.swift; sourceTree = "<group>"; };
		816A36FC2582AC220016F0F9 /* GameDealsCollectionTableViewCell.xib */ = {isa = PBXFileReference; lastKnownFileType = file.xib; path = GameDealsCollectionTableViewCell.xib; sourceTree = "<group>"; };
		81EBF0312583430A00996EAA /* GameDetailsViewController.swift */ = {isa = PBXFileReference; lastKnownFileType = sourcecode.swift; path = GameDetailsViewController.swift; sourceTree = "<group>"; };
		919A00FA33BB56E9CB4F7757 /* Pods-NintendoPriceTracker-NintendoPriceTrackerUITests.debug.xcconfig */ = {isa = PBXFileReference; includeInIndex = 1; lastKnownFileType = text.xcconfig; name = "Pods-NintendoPriceTracker-NintendoPriceTrackerUITests.debug.xcconfig"; path = "Target Support Files/Pods-NintendoPriceTracker-NintendoPriceTrackerUITests/Pods-NintendoPriceTracker-NintendoPriceTrackerUITests.debug.xcconfig"; sourceTree = "<group>"; };
		B8DDF862BC33770AFB5A18FA /* Pods-NintendoPriceTracker.release.xcconfig */ = {isa = PBXFileReference; includeInIndex = 1; lastKnownFileType = text.xcconfig; name = "Pods-NintendoPriceTracker.release.xcconfig"; path = "Target Support Files/Pods-NintendoPriceTracker/Pods-NintendoPriceTracker.release.xcconfig"; sourceTree = "<group>"; };
		DA9924F39919F406543D22EA /* Pods_NintendoPriceTrackerTests.framework */ = {isa = PBXFileReference; explicitFileType = wrapper.framework; includeInIndex = 0; path = Pods_NintendoPriceTrackerTests.framework; sourceTree = BUILT_PRODUCTS_DIR; };
		E23EEBE96539E633723BCE8C /* Pods_NintendoPriceTracker_NintendoPriceTrackerUITests.framework */ = {isa = PBXFileReference; explicitFileType = wrapper.framework; includeInIndex = 0; path = Pods_NintendoPriceTracker_NintendoPriceTrackerUITests.framework; sourceTree = BUILT_PRODUCTS_DIR; };
/* End PBXFileReference section */

/* Begin PBXFrameworksBuildPhase section */
		00B22351255DCC0A00C563E8 /* Frameworks */ = {
			isa = PBXFrameworksBuildPhase;
			buildActionMask = 2147483647;
			files = (
				A0D53826946FF0E73A672872 /* Pods_NintendoPriceTracker.framework in Frameworks */,
			);
			runOnlyForDeploymentPostprocessing = 0;
		};
		00B22367255DCC0B00C563E8 /* Frameworks */ = {
			isa = PBXFrameworksBuildPhase;
			buildActionMask = 2147483647;
			files = (
				52B0D6C858A74651F1156162 /* Pods_NintendoPriceTrackerTests.framework in Frameworks */,
			);
			runOnlyForDeploymentPostprocessing = 0;
		};
		00B22372255DCC0B00C563E8 /* Frameworks */ = {
			isa = PBXFrameworksBuildPhase;
			buildActionMask = 2147483647;
			files = (
				82526BF269889A61844F3027 /* Pods_NintendoPriceTracker_NintendoPriceTrackerUITests.framework in Frameworks */,
			);
			runOnlyForDeploymentPostprocessing = 0;
		};
/* End PBXFrameworksBuildPhase section */

/* Begin PBXGroup section */
		00B2234B255DCC0A00C563E8 = {
			isa = PBXGroup;
			children = (
				00B22356255DCC0A00C563E8 /* NintendoPriceTracker */,
				00B2236D255DCC0B00C563E8 /* NintendoPriceTrackerTests */,
				00B22378255DCC0B00C563E8 /* NintendoPriceTrackerUITests */,
				00B22355255DCC0A00C563E8 /* Products */,
				FF4C3AEABBD4258142BB3DBC /* Pods */,
				0C57BB8D9CCB92E0CF53BAAF /* Frameworks */,
			);
			sourceTree = "<group>";
		};
		00B22355255DCC0A00C563E8 /* Products */ = {
			isa = PBXGroup;
			children = (
				00B22354255DCC0A00C563E8 /* NintendoPriceTracker.app */,
				00B2236A255DCC0B00C563E8 /* NintendoPriceTrackerTests.xctest */,
				00B22375255DCC0B00C563E8 /* NintendoPriceTrackerUITests.xctest */,
			);
			name = Products;
			sourceTree = "<group>";
		};
		00B22356255DCC0A00C563E8 /* NintendoPriceTracker */ = {
			isa = PBXGroup;
			children = (
				00B22357255DCC0A00C563E8 /* AppDelegate.swift */,
				00B22359255DCC0A00C563E8 /* SceneDelegate.swift */,
				00B2235D255DCC0A00C563E8 /* Main.storyboard */,
				81EBF0312583430A00996EAA /* GameDetailsViewController.swift */,
				00B22360255DCC0B00C563E8 /* Assets.xcassets */,
				00B22362255DCC0B00C563E8 /* LaunchScreen.storyboard */,
				00B22365255DCC0B00C563E8 /* Info.plist */,
				00FF8A2B256709FD000CC9F6 /* LandingScreenViewController.swift */,
				00FD6748257988090088E2EA /* MainViewController.swift */,
				816A36F42582A9360016F0F9 /* GameDealsCollectionViewCell.swift */,
				816A36FB2582AC220016F0F9 /* GameDealsCollectionTableViewCell.swift */,
				816A36FC2582AC220016F0F9 /* GameDealsCollectionTableViewCell.xib */,
				816A36F52582A9360016F0F9 /* GameDealsCollectionViewCell.xib */,
			);
			path = NintendoPriceTracker;
			sourceTree = "<group>";
		};
		00B2236D255DCC0B00C563E8 /* NintendoPriceTrackerTests */ = {
			isa = PBXGroup;
			children = (
				00B2236E255DCC0B00C563E8 /* NintendoPriceTrackerTests.swift */,
				00B22370255DCC0B00C563E8 /* Info.plist */,
			);
			path = NintendoPriceTrackerTests;
			sourceTree = "<group>";
		};
		00B22378255DCC0B00C563E8 /* NintendoPriceTrackerUITests */ = {
			isa = PBXGroup;
			children = (
				00B22379255DCC0B00C563E8 /* NintendoPriceTrackerUITests.swift */,
				00B2237B255DCC0B00C563E8 /* Info.plist */,
			);
			path = NintendoPriceTrackerUITests;
			sourceTree = "<group>";
		};
		0C57BB8D9CCB92E0CF53BAAF /* Frameworks */ = {
			isa = PBXGroup;
			children = (
				7CF54CE6C59588D3436553A9 /* Pods_NintendoPriceTracker.framework */,
				E23EEBE96539E633723BCE8C /* Pods_NintendoPriceTracker_NintendoPriceTrackerUITests.framework */,
				DA9924F39919F406543D22EA /* Pods_NintendoPriceTrackerTests.framework */,
			);
			name = Frameworks;
			sourceTree = "<group>";
		};
		FF4C3AEABBD4258142BB3DBC /* Pods */ = {
			isa = PBXGroup;
			children = (
				5ABFF9ED9FB9E2B5838E881C /* Pods-NintendoPriceTracker.debug.xcconfig */,
				B8DDF862BC33770AFB5A18FA /* Pods-NintendoPriceTracker.release.xcconfig */,
				919A00FA33BB56E9CB4F7757 /* Pods-NintendoPriceTracker-NintendoPriceTrackerUITests.debug.xcconfig */,
				3F5A8143F05E49F462F5738F /* Pods-NintendoPriceTracker-NintendoPriceTrackerUITests.release.xcconfig */,
				4DF9E1990834737A59A46ACB /* Pods-NintendoPriceTrackerTests.debug.xcconfig */,
				5D063A9BC35D3FAEAC08D06D /* Pods-NintendoPriceTrackerTests.release.xcconfig */,
			);
			path = Pods;
			sourceTree = "<group>";
		};
/* End PBXGroup section */

/* Begin PBXNativeTarget section */
		00B22353255DCC0A00C563E8 /* NintendoPriceTracker */ = {
			isa = PBXNativeTarget;
			buildConfigurationList = 00B2237E255DCC0B00C563E8 /* Build configuration list for PBXNativeTarget "NintendoPriceTracker" */;
			buildPhases = (
				8D4F94907E97D9A1C615FD3D /* [CP] Check Pods Manifest.lock */,
				00B22350255DCC0A00C563E8 /* Sources */,
				00B22351255DCC0A00C563E8 /* Frameworks */,
				00B22352255DCC0A00C563E8 /* Resources */,
				125055C36D9E186E7739CBDF /* [CP] Embed Pods Frameworks */,
				CD763852ECF08C0275850843 /* [CP] Copy Pods Resources */,
			);
			buildRules = (
			);
			dependencies = (
			);
			name = NintendoPriceTracker;
			productName = NintendoPriceTracker;
			productReference = 00B22354255DCC0A00C563E8 /* NintendoPriceTracker.app */;
			productType = "com.apple.product-type.application";
		};
		00B22369255DCC0B00C563E8 /* NintendoPriceTrackerTests */ = {
			isa = PBXNativeTarget;
			buildConfigurationList = 00B22381255DCC0B00C563E8 /* Build configuration list for PBXNativeTarget "NintendoPriceTrackerTests" */;
			buildPhases = (
				146CB44F487DDF5A2E27246C /* [CP] Check Pods Manifest.lock */,
				00B22366255DCC0B00C563E8 /* Sources */,
				00B22367255DCC0B00C563E8 /* Frameworks */,
				00B22368255DCC0B00C563E8 /* Resources */,
			);
			buildRules = (
			);
			dependencies = (
				00B2236C255DCC0B00C563E8 /* PBXTargetDependency */,
			);
			name = NintendoPriceTrackerTests;
			productName = NintendoPriceTrackerTests;
			productReference = 00B2236A255DCC0B00C563E8 /* NintendoPriceTrackerTests.xctest */;
			productType = "com.apple.product-type.bundle.unit-test";
		};
		00B22374255DCC0B00C563E8 /* NintendoPriceTrackerUITests */ = {
			isa = PBXNativeTarget;
			buildConfigurationList = 00B22384255DCC0B00C563E8 /* Build configuration list for PBXNativeTarget "NintendoPriceTrackerUITests" */;
			buildPhases = (
				4A418D16E57CC7EA183F65E7 /* [CP] Check Pods Manifest.lock */,
				00B22371255DCC0B00C563E8 /* Sources */,
				00B22372255DCC0B00C563E8 /* Frameworks */,
				00B22373255DCC0B00C563E8 /* Resources */,
				7829389F7DDD7C59B99A8B38 /* [CP] Embed Pods Frameworks */,
				F0977958AE483842BF33D861 /* [CP] Copy Pods Resources */,
			);
			buildRules = (
			);
			dependencies = (
				00B22377255DCC0B00C563E8 /* PBXTargetDependency */,
			);
			name = NintendoPriceTrackerUITests;
			productName = NintendoPriceTrackerUITests;
			productReference = 00B22375255DCC0B00C563E8 /* NintendoPriceTrackerUITests.xctest */;
			productType = "com.apple.product-type.bundle.ui-testing";
		};
/* End PBXNativeTarget section */

/* Begin PBXProject section */
		00B2234C255DCC0A00C563E8 /* Project object */ = {
			isa = PBXProject;
			attributes = {
				LastSwiftUpdateCheck = 1210;
				LastUpgradeCheck = 1210;
				TargetAttributes = {
					00B22353255DCC0A00C563E8 = {
						CreatedOnToolsVersion = 12.1;
					};
					00B22369255DCC0B00C563E8 = {
						CreatedOnToolsVersion = 12.1;
						TestTargetID = 00B22353255DCC0A00C563E8;
					};
					00B22374255DCC0B00C563E8 = {
						CreatedOnToolsVersion = 12.1;
						TestTargetID = 00B22353255DCC0A00C563E8;
					};
				};
			};
			buildConfigurationList = 00B2234F255DCC0A00C563E8 /* Build configuration list for PBXProject "NintendoPriceTracker" */;
			compatibilityVersion = "Xcode 9.3";
			developmentRegion = en;
			hasScannedForEncodings = 0;
			knownRegions = (
				en,
				Base,
			);
			mainGroup = 00B2234B255DCC0A00C563E8;
			productRefGroup = 00B22355255DCC0A00C563E8 /* Products */;
			projectDirPath = "";
			projectRoot = "";
			targets = (
				00B22353255DCC0A00C563E8 /* NintendoPriceTracker */,
				00B22369255DCC0B00C563E8 /* NintendoPriceTrackerTests */,
				00B22374255DCC0B00C563E8 /* NintendoPriceTrackerUITests */,
			);
		};
/* End PBXProject section */

/* Begin PBXResourcesBuildPhase section */
		00B22352255DCC0A00C563E8 /* Resources */ = {
			isa = PBXResourcesBuildPhase;
			buildActionMask = 2147483647;
			files = (
				816A36FE2582AC220016F0F9 /* GameDealsCollectionTableViewCell.xib in Resources */,
				00B22364255DCC0B00C563E8 /* LaunchScreen.storyboard in Resources */,
				00B22361255DCC0B00C563E8 /* Assets.xcassets in Resources */,
				816A36F72582A9360016F0F9 /* GameDealsCollectionViewCell.xib in Resources */,
				00B2235F255DCC0A00C563E8 /* Main.storyboard in Resources */,
			);
			runOnlyForDeploymentPostprocessing = 0;
		};
		00B22368255DCC0B00C563E8 /* Resources */ = {
			isa = PBXResourcesBuildPhase;
			buildActionMask = 2147483647;
			files = (
			);
			runOnlyForDeploymentPostprocessing = 0;
		};
		00B22373255DCC0B00C563E8 /* Resources */ = {
			isa = PBXResourcesBuildPhase;
			buildActionMask = 2147483647;
			files = (
			);
			runOnlyForDeploymentPostprocessing = 0;
		};
/* End PBXResourcesBuildPhase section */

/* Begin PBXShellScriptBuildPhase section */
		125055C36D9E186E7739CBDF /* [CP] Embed Pods Frameworks */ = {
			isa = PBXShellScriptBuildPhase;
			buildActionMask = 2147483647;
			files = (
			);
			inputFileListPaths = (
				"${PODS_ROOT}/Target Support Files/Pods-NintendoPriceTracker/Pods-NintendoPriceTracker-frameworks-${CONFIGURATION}-input-files.xcfilelist",
			);
			name = "[CP] Embed Pods Frameworks";
			outputFileListPaths = (
				"${PODS_ROOT}/Target Support Files/Pods-NintendoPriceTracker/Pods-NintendoPriceTracker-frameworks-${CONFIGURATION}-output-files.xcfilelist",
			);
			runOnlyForDeploymentPostprocessing = 0;
			shellPath = /bin/sh;
			shellScript = "\"${PODS_ROOT}/Target Support Files/Pods-NintendoPriceTracker/Pods-NintendoPriceTracker-frameworks.sh\"\n";
			showEnvVarsInLog = 0;
		};
		146CB44F487DDF5A2E27246C /* [CP] Check Pods Manifest.lock */ = {
			isa = PBXShellScriptBuildPhase;
			buildActionMask = 2147483647;
			files = (
			);
			inputFileListPaths = (
			);
			inputPaths = (
				"${PODS_PODFILE_DIR_PATH}/Podfile.lock",
				"${PODS_ROOT}/Manifest.lock",
			);
			name = "[CP] Check Pods Manifest.lock";
			outputFileListPaths = (
			);
			outputPaths = (
				"$(DERIVED_FILE_DIR)/Pods-NintendoPriceTrackerTests-checkManifestLockResult.txt",
			);
			runOnlyForDeploymentPostprocessing = 0;
			shellPath = /bin/sh;
			shellScript = "diff \"${PODS_PODFILE_DIR_PATH}/Podfile.lock\" \"${PODS_ROOT}/Manifest.lock\" > /dev/null\nif [ $? != 0 ] ; then\n    # print error to STDERR\n    echo \"error: The sandbox is not in sync with the Podfile.lock. Run 'pod install' or update your CocoaPods installation.\" >&2\n    exit 1\nfi\n# This output is used by Xcode 'outputs' to avoid re-running this script phase.\necho \"SUCCESS\" > \"${SCRIPT_OUTPUT_FILE_0}\"\n";
			showEnvVarsInLog = 0;
		};
		4A418D16E57CC7EA183F65E7 /* [CP] Check Pods Manifest.lock */ = {
			isa = PBXShellScriptBuildPhase;
			buildActionMask = 2147483647;
			files = (
			);
			inputFileListPaths = (
			);
			inputPaths = (
				"${PODS_PODFILE_DIR_PATH}/Podfile.lock",
				"${PODS_ROOT}/Manifest.lock",
			);
			name = "[CP] Check Pods Manifest.lock";
			outputFileListPaths = (
			);
			outputPaths = (
				"$(DERIVED_FILE_DIR)/Pods-NintendoPriceTracker-NintendoPriceTrackerUITests-checkManifestLockResult.txt",
			);
			runOnlyForDeploymentPostprocessing = 0;
			shellPath = /bin/sh;
			shellScript = "diff \"${PODS_PODFILE_DIR_PATH}/Podfile.lock\" \"${PODS_ROOT}/Manifest.lock\" > /dev/null\nif [ $? != 0 ] ; then\n    # print error to STDERR\n    echo \"error: The sandbox is not in sync with the Podfile.lock. Run 'pod install' or update your CocoaPods installation.\" >&2\n    exit 1\nfi\n# This output is used by Xcode 'outputs' to avoid re-running this script phase.\necho \"SUCCESS\" > \"${SCRIPT_OUTPUT_FILE_0}\"\n";
			showEnvVarsInLog = 0;
		};
		7829389F7DDD7C59B99A8B38 /* [CP] Embed Pods Frameworks */ = {
			isa = PBXShellScriptBuildPhase;
			buildActionMask = 2147483647;
			files = (
			);
			inputFileListPaths = (
				"${PODS_ROOT}/Target Support Files/Pods-NintendoPriceTracker-NintendoPriceTrackerUITests/Pods-NintendoPriceTracker-NintendoPriceTrackerUITests-frameworks-${CONFIGURATION}-input-files.xcfilelist",
			);
			name = "[CP] Embed Pods Frameworks";
			outputFileListPaths = (
				"${PODS_ROOT}/Target Support Files/Pods-NintendoPriceTracker-NintendoPriceTrackerUITests/Pods-NintendoPriceTracker-NintendoPriceTrackerUITests-frameworks-${CONFIGURATION}-output-files.xcfilelist",
			);
			runOnlyForDeploymentPostprocessing = 0;
			shellPath = /bin/sh;
			shellScript = "\"${PODS_ROOT}/Target Support Files/Pods-NintendoPriceTracker-NintendoPriceTrackerUITests/Pods-NintendoPriceTracker-NintendoPriceTrackerUITests-frameworks.sh\"\n";
			showEnvVarsInLog = 0;
		};
		8D4F94907E97D9A1C615FD3D /* [CP] Check Pods Manifest.lock */ = {
			isa = PBXShellScriptBuildPhase;
			buildActionMask = 2147483647;
			files = (
			);
			inputFileListPaths = (
			);
			inputPaths = (
				"${PODS_PODFILE_DIR_PATH}/Podfile.lock",
				"${PODS_ROOT}/Manifest.lock",
			);
			name = "[CP] Check Pods Manifest.lock";
			outputFileListPaths = (
			);
			outputPaths = (
				"$(DERIVED_FILE_DIR)/Pods-NintendoPriceTracker-checkManifestLockResult.txt",
			);
			runOnlyForDeploymentPostprocessing = 0;
			shellPath = /bin/sh;
			shellScript = "diff \"${PODS_PODFILE_DIR_PATH}/Podfile.lock\" \"${PODS_ROOT}/Manifest.lock\" > /dev/null\nif [ $? != 0 ] ; then\n    # print error to STDERR\n    echo \"error: The sandbox is not in sync with the Podfile.lock. Run 'pod install' or update your CocoaPods installation.\" >&2\n    exit 1\nfi\n# This output is used by Xcode 'outputs' to avoid re-running this script phase.\necho \"SUCCESS\" > \"${SCRIPT_OUTPUT_FILE_0}\"\n";
			showEnvVarsInLog = 0;
		};
		CD763852ECF08C0275850843 /* [CP] Copy Pods Resources */ = {
			isa = PBXShellScriptBuildPhase;
			buildActionMask = 2147483647;
			files = (
			);
			inputFileListPaths = (
				"${PODS_ROOT}/Target Support Files/Pods-NintendoPriceTracker/Pods-NintendoPriceTracker-resources-${CONFIGURATION}-input-files.xcfilelist",
			);
			name = "[CP] Copy Pods Resources";
			outputFileListPaths = (
				"${PODS_ROOT}/Target Support Files/Pods-NintendoPriceTracker/Pods-NintendoPriceTracker-resources-${CONFIGURATION}-output-files.xcfilelist",
			);
			runOnlyForDeploymentPostprocessing = 0;
			shellPath = /bin/sh;
			shellScript = "\"${PODS_ROOT}/Target Support Files/Pods-NintendoPriceTracker/Pods-NintendoPriceTracker-resources.sh\"\n";
			showEnvVarsInLog = 0;
		};
		F0977958AE483842BF33D861 /* [CP] Copy Pods Resources */ = {
			isa = PBXShellScriptBuildPhase;
			buildActionMask = 2147483647;
			files = (
			);
			inputFileListPaths = (
				"${PODS_ROOT}/Target Support Files/Pods-NintendoPriceTracker-NintendoPriceTrackerUITests/Pods-NintendoPriceTracker-NintendoPriceTrackerUITests-resources-${CONFIGURATION}-input-files.xcfilelist",
			);
			name = "[CP] Copy Pods Resources";
			outputFileListPaths = (
				"${PODS_ROOT}/Target Support Files/Pods-NintendoPriceTracker-NintendoPriceTrackerUITests/Pods-NintendoPriceTracker-NintendoPriceTrackerUITests-resources-${CONFIGURATION}-output-files.xcfilelist",
			);
			runOnlyForDeploymentPostprocessing = 0;
			shellPath = /bin/sh;
			shellScript = "\"${PODS_ROOT}/Target Support Files/Pods-NintendoPriceTracker-NintendoPriceTrackerUITests/Pods-NintendoPriceTracker-NintendoPriceTrackerUITests-resources.sh\"\n";
			showEnvVarsInLog = 0;
		};
/* End PBXShellScriptBuildPhase section */

/* Begin PBXSourcesBuildPhase section */
		00B22350255DCC0A00C563E8 /* Sources */ = {
			isa = PBXSourcesBuildPhase;
			buildActionMask = 2147483647;
			files = (
				00FF8A2C256709FD000CC9F6 /* LandingScreenViewController.swift in Sources */,
				81EBF0322583430A00996EAA /* GameDetailsViewController.swift in Sources */,
				00B22358255DCC0A00C563E8 /* AppDelegate.swift in Sources */,
				00B2235A255DCC0A00C563E8 /* SceneDelegate.swift in Sources */,
				00FD6749257988090088E2EA /* MainViewController.swift in Sources */,
				816A36F62582A9360016F0F9 /* GameDealsCollectionViewCell.swift in Sources */,
				816A36FD2582AC220016F0F9 /* GameDealsCollectionTableViewCell.swift in Sources */,
			);
			runOnlyForDeploymentPostprocessing = 0;
		};
		00B22366255DCC0B00C563E8 /* Sources */ = {
			isa = PBXSourcesBuildPhase;
			buildActionMask = 2147483647;
			files = (
				00B2236F255DCC0B00C563E8 /* NintendoPriceTrackerTests.swift in Sources */,
			);
			runOnlyForDeploymentPostprocessing = 0;
		};
		00B22371255DCC0B00C563E8 /* Sources */ = {
			isa = PBXSourcesBuildPhase;
			buildActionMask = 2147483647;
			files = (
				00B2237A255DCC0B00C563E8 /* NintendoPriceTrackerUITests.swift in Sources */,
			);
			runOnlyForDeploymentPostprocessing = 0;
		};
/* End PBXSourcesBuildPhase section */

/* Begin PBXTargetDependency section */
		00B2236C255DCC0B00C563E8 /* PBXTargetDependency */ = {
			isa = PBXTargetDependency;
			target = 00B22353255DCC0A00C563E8 /* NintendoPriceTracker */;
			targetProxy = 00B2236B255DCC0B00C563E8 /* PBXContainerItemProxy */;
		};
		00B22377255DCC0B00C563E8 /* PBXTargetDependency */ = {
			isa = PBXTargetDependency;
			target = 00B22353255DCC0A00C563E8 /* NintendoPriceTracker */;
			targetProxy = 00B22376255DCC0B00C563E8 /* PBXContainerItemProxy */;
		};
/* End PBXTargetDependency section */

/* Begin PBXVariantGroup section */
		00B2235D255DCC0A00C563E8 /* Main.storyboard */ = {
			isa = PBXVariantGroup;
			children = (
				00B2235E255DCC0A00C563E8 /* Base */,
			);
			name = Main.storyboard;
			sourceTree = "<group>";
		};
		00B22362255DCC0B00C563E8 /* LaunchScreen.storyboard */ = {
			isa = PBXVariantGroup;
			children = (
				00B22363255DCC0B00C563E8 /* Base */,
			);
			name = LaunchScreen.storyboard;
			sourceTree = "<group>";
		};
/* End PBXVariantGroup section */

/* Begin XCBuildConfiguration section */
		00B2237C255DCC0B00C563E8 /* Debug */ = {
			isa = XCBuildConfiguration;
			buildSettings = {
				ALWAYS_SEARCH_USER_PATHS = NO;
				CLANG_ANALYZER_NONNULL = YES;
				CLANG_ANALYZER_NUMBER_OBJECT_CONVERSION = YES_AGGRESSIVE;
				CLANG_CXX_LANGUAGE_STANDARD = "gnu++14";
				CLANG_CXX_LIBRARY = "libc++";
				CLANG_ENABLE_MODULES = YES;
				CLANG_ENABLE_OBJC_ARC = YES;
				CLANG_ENABLE_OBJC_WEAK = YES;
				CLANG_WARN_BLOCK_CAPTURE_AUTORELEASING = YES;
				CLANG_WARN_BOOL_CONVERSION = YES;
				CLANG_WARN_COMMA = YES;
				CLANG_WARN_CONSTANT_CONVERSION = YES;
				CLANG_WARN_DEPRECATED_OBJC_IMPLEMENTATIONS = YES;
				CLANG_WARN_DIRECT_OBJC_ISA_USAGE = YES_ERROR;
				CLANG_WARN_DOCUMENTATION_COMMENTS = YES;
				CLANG_WARN_EMPTY_BODY = YES;
				CLANG_WARN_ENUM_CONVERSION = YES;
				CLANG_WARN_INFINITE_RECURSION = YES;
				CLANG_WARN_INT_CONVERSION = YES;
				CLANG_WARN_NON_LITERAL_NULL_CONVERSION = YES;
				CLANG_WARN_OBJC_IMPLICIT_RETAIN_SELF = YES;
				CLANG_WARN_OBJC_LITERAL_CONVERSION = YES;
				CLANG_WARN_OBJC_ROOT_CLASS = YES_ERROR;
				CLANG_WARN_QUOTED_INCLUDE_IN_FRAMEWORK_HEADER = YES;
				CLANG_WARN_RANGE_LOOP_ANALYSIS = YES;
				CLANG_WARN_STRICT_PROTOTYPES = YES;
				CLANG_WARN_SUSPICIOUS_MOVE = YES;
				CLANG_WARN_UNGUARDED_AVAILABILITY = YES_AGGRESSIVE;
				CLANG_WARN_UNREACHABLE_CODE = YES;
				CLANG_WARN__DUPLICATE_METHOD_MATCH = YES;
				COPY_PHASE_STRIP = NO;
				DEBUG_INFORMATION_FORMAT = dwarf;
				ENABLE_STRICT_OBJC_MSGSEND = YES;
				ENABLE_TESTABILITY = YES;
				GCC_C_LANGUAGE_STANDARD = gnu11;
				GCC_DYNAMIC_NO_PIC = NO;
				GCC_NO_COMMON_BLOCKS = YES;
				GCC_OPTIMIZATION_LEVEL = 0;
				GCC_PREPROCESSOR_DEFINITIONS = (
					"DEBUG=1",
					"$(inherited)",
				);
				GCC_WARN_64_TO_32_BIT_CONVERSION = YES;
				GCC_WARN_ABOUT_RETURN_TYPE = YES_ERROR;
				GCC_WARN_UNDECLARED_SELECTOR = YES;
				GCC_WARN_UNINITIALIZED_AUTOS = YES_AGGRESSIVE;
				GCC_WARN_UNUSED_FUNCTION = YES;
				GCC_WARN_UNUSED_VARIABLE = YES;
				IPHONEOS_DEPLOYMENT_TARGET = 14.1;
				MTL_ENABLE_DEBUG_INFO = INCLUDE_SOURCE;
				MTL_FAST_MATH = YES;
				ONLY_ACTIVE_ARCH = YES;
				SDKROOT = iphoneos;
				SWIFT_ACTIVE_COMPILATION_CONDITIONS = DEBUG;
				SWIFT_OPTIMIZATION_LEVEL = "-Onone";
			};
			name = Debug;
		};
		00B2237D255DCC0B00C563E8 /* Release */ = {
			isa = XCBuildConfiguration;
			buildSettings = {
				ALWAYS_SEARCH_USER_PATHS = NO;
				CLANG_ANALYZER_NONNULL = YES;
				CLANG_ANALYZER_NUMBER_OBJECT_CONVERSION = YES_AGGRESSIVE;
				CLANG_CXX_LANGUAGE_STANDARD = "gnu++14";
				CLANG_CXX_LIBRARY = "libc++";
				CLANG_ENABLE_MODULES = YES;
				CLANG_ENABLE_OBJC_ARC = YES;
				CLANG_ENABLE_OBJC_WEAK = YES;
				CLANG_WARN_BLOCK_CAPTURE_AUTORELEASING = YES;
				CLANG_WARN_BOOL_CONVERSION = YES;
				CLANG_WARN_COMMA = YES;
				CLANG_WARN_CONSTANT_CONVERSION = YES;
				CLANG_WARN_DEPRECATED_OBJC_IMPLEMENTATIONS = YES;
				CLANG_WARN_DIRECT_OBJC_ISA_USAGE = YES_ERROR;
				CLANG_WARN_DOCUMENTATION_COMMENTS = YES;
				CLANG_WARN_EMPTY_BODY = YES;
				CLANG_WARN_ENUM_CONVERSION = YES;
				CLANG_WARN_INFINITE_RECURSION = YES;
				CLANG_WARN_INT_CONVERSION = YES;
				CLANG_WARN_NON_LITERAL_NULL_CONVERSION = YES;
				CLANG_WARN_OBJC_IMPLICIT_RETAIN_SELF = YES;
				CLANG_WARN_OBJC_LITERAL_CONVERSION = YES;
				CLANG_WARN_OBJC_ROOT_CLASS = YES_ERROR;
				CLANG_WARN_QUOTED_INCLUDE_IN_FRAMEWORK_HEADER = YES;
				CLANG_WARN_RANGE_LOOP_ANALYSIS = YES;
				CLANG_WARN_STRICT_PROTOTYPES = YES;
				CLANG_WARN_SUSPICIOUS_MOVE = YES;
				CLANG_WARN_UNGUARDED_AVAILABILITY = YES_AGGRESSIVE;
				CLANG_WARN_UNREACHABLE_CODE = YES;
				CLANG_WARN__DUPLICATE_METHOD_MATCH = YES;
				COPY_PHASE_STRIP = NO;
				DEBUG_INFORMATION_FORMAT = "dwarf-with-dsym";
				ENABLE_NS_ASSERTIONS = NO;
				ENABLE_STRICT_OBJC_MSGSEND = YES;
				GCC_C_LANGUAGE_STANDARD = gnu11;
				GCC_NO_COMMON_BLOCKS = YES;
				GCC_WARN_64_TO_32_BIT_CONVERSION = YES;
				GCC_WARN_ABOUT_RETURN_TYPE = YES_ERROR;
				GCC_WARN_UNDECLARED_SELECTOR = YES;
				GCC_WARN_UNINITIALIZED_AUTOS = YES_AGGRESSIVE;
				GCC_WARN_UNUSED_FUNCTION = YES;
				GCC_WARN_UNUSED_VARIABLE = YES;
				IPHONEOS_DEPLOYMENT_TARGET = 14.1;
				MTL_ENABLE_DEBUG_INFO = NO;
				MTL_FAST_MATH = YES;
				SDKROOT = iphoneos;
				SWIFT_COMPILATION_MODE = wholemodule;
				SWIFT_OPTIMIZATION_LEVEL = "-O";
				VALIDATE_PRODUCT = YES;
			};
			name = Release;
		};
		00B2237F255DCC0B00C563E8 /* Debug */ = {
			isa = XCBuildConfiguration;
			baseConfigurationReference = 5ABFF9ED9FB9E2B5838E881C /* Pods-NintendoPriceTracker.debug.xcconfig */;
			buildSettings = {
				ASSETCATALOG_COMPILER_APPICON_NAME = AppIcon;
				ASSETCATALOG_COMPILER_GLOBAL_ACCENT_COLOR_NAME = AccentColor;
				CODE_SIGN_STYLE = Automatic;
				INFOPLIST_FILE = NintendoPriceTracker/Info.plist;
				LD_RUNPATH_SEARCH_PATHS = (
					"$(inherited)",
					"@executable_path/Frameworks",
				);
				PRODUCT_BUNDLE_IDENTIFIER = tettehmel.NintendoPriceTracker;
				PRODUCT_NAME = "$(TARGET_NAME)";
				SWIFT_VERSION = 5.0;
				TARGETED_DEVICE_FAMILY = "1,2";
			};
			name = Debug;
		};
		00B22380255DCC0B00C563E8 /* Release */ = {
			isa = XCBuildConfiguration;
			baseConfigurationReference = B8DDF862BC33770AFB5A18FA /* Pods-NintendoPriceTracker.release.xcconfig */;
			buildSettings = {
				ASSETCATALOG_COMPILER_APPICON_NAME = AppIcon;
				ASSETCATALOG_COMPILER_GLOBAL_ACCENT_COLOR_NAME = AccentColor;
				CODE_SIGN_STYLE = Automatic;
				INFOPLIST_FILE = NintendoPriceTracker/Info.plist;
				LD_RUNPATH_SEARCH_PATHS = (
					"$(inherited)",
					"@executable_path/Frameworks",
				);
				PRODUCT_BUNDLE_IDENTIFIER = tettehmel.NintendoPriceTracker;
				PRODUCT_NAME = "$(TARGET_NAME)";
				SWIFT_VERSION = 5.0;
				TARGETED_DEVICE_FAMILY = "1,2";
			};
			name = Release;
		};
		00B22382255DCC0B00C563E8 /* Debug */ = {
			isa = XCBuildConfiguration;
			baseConfigurationReference = 4DF9E1990834737A59A46ACB /* Pods-NintendoPriceTrackerTests.debug.xcconfig */;
			buildSettings = {
				ALWAYS_EMBED_SWIFT_STANDARD_LIBRARIES = YES;
				BUNDLE_LOADER = "$(TEST_HOST)";
				CODE_SIGN_STYLE = Automatic;
				INFOPLIST_FILE = NintendoPriceTrackerTests/Info.plist;
				IPHONEOS_DEPLOYMENT_TARGET = 14.1;
				LD_RUNPATH_SEARCH_PATHS = (
					"$(inherited)",
					"@executable_path/Frameworks",
					"@loader_path/Frameworks",
				);
				PRODUCT_BUNDLE_IDENTIFIER = tettehmel.NintendoPriceTrackerTests;
				PRODUCT_NAME = "$(TARGET_NAME)";
				SWIFT_VERSION = 5.0;
				TARGETED_DEVICE_FAMILY = "1,2";
				TEST_HOST = "$(BUILT_PRODUCTS_DIR)/NintendoPriceTracker.app/NintendoPriceTracker";
			};
			name = Debug;
		};
		00B22383255DCC0B00C563E8 /* Release */ = {
			isa = XCBuildConfiguration;
			baseConfigurationReference = 5D063A9BC35D3FAEAC08D06D /* Pods-NintendoPriceTrackerTests.release.xcconfig */;
			buildSettings = {
				ALWAYS_EMBED_SWIFT_STANDARD_LIBRARIES = YES;
				BUNDLE_LOADER = "$(TEST_HOST)";
				CODE_SIGN_STYLE = Automatic;
				INFOPLIST_FILE = NintendoPriceTrackerTests/Info.plist;
				IPHONEOS_DEPLOYMENT_TARGET = 14.1;
				LD_RUNPATH_SEARCH_PATHS = (
					"$(inherited)",
					"@executable_path/Frameworks",
					"@loader_path/Frameworks",
				);
				PRODUCT_BUNDLE_IDENTIFIER = tettehmel.NintendoPriceTrackerTests;
				PRODUCT_NAME = "$(TARGET_NAME)";
				SWIFT_VERSION = 5.0;
				TARGETED_DEVICE_FAMILY = "1,2";
				TEST_HOST = "$(BUILT_PRODUCTS_DIR)/NintendoPriceTracker.app/NintendoPriceTracker";
			};
			name = Release;
		};
		00B22385255DCC0B00C563E8 /* Debug */ = {
			isa = XCBuildConfiguration;
			baseConfigurationReference = 919A00FA33BB56E9CB4F7757 /* Pods-NintendoPriceTracker-NintendoPriceTrackerUITests.debug.xcconfig */;
			buildSettings = {
				ALWAYS_EMBED_SWIFT_STANDARD_LIBRARIES = YES;
				CODE_SIGN_STYLE = Automatic;
				INFOPLIST_FILE = NintendoPriceTrackerUITests/Info.plist;
				LD_RUNPATH_SEARCH_PATHS = (
					"$(inherited)",
					"@executable_path/Frameworks",
					"@loader_path/Frameworks",
				);
				PRODUCT_BUNDLE_IDENTIFIER = tettehmel.NintendoPriceTrackerUITests;
				PRODUCT_NAME = "$(TARGET_NAME)";
				SWIFT_VERSION = 5.0;
				TARGETED_DEVICE_FAMILY = "1,2";
				TEST_TARGET_NAME = NintendoPriceTracker;
			};
			name = Debug;
		};
		00B22386255DCC0B00C563E8 /* Release */ = {
			isa = XCBuildConfiguration;
			baseConfigurationReference = 3F5A8143F05E49F462F5738F /* Pods-NintendoPriceTracker-NintendoPriceTrackerUITests.release.xcconfig */;
			buildSettings = {
				ALWAYS_EMBED_SWIFT_STANDARD_LIBRARIES = YES;
				CODE_SIGN_STYLE = Automatic;
				INFOPLIST_FILE = NintendoPriceTrackerUITests/Info.plist;
				LD_RUNPATH_SEARCH_PATHS = (
					"$(inherited)",
					"@executable_path/Frameworks",
					"@loader_path/Frameworks",
				);
				PRODUCT_BUNDLE_IDENTIFIER = tettehmel.NintendoPriceTrackerUITests;
				PRODUCT_NAME = "$(TARGET_NAME)";
				SWIFT_VERSION = 5.0;
				TARGETED_DEVICE_FAMILY = "1,2";
				TEST_TARGET_NAME = NintendoPriceTracker;
			};
			name = Release;
		};
/* End XCBuildConfiguration section */

/* Begin XCConfigurationList section */
		00B2234F255DCC0A00C563E8 /* Build configuration list for PBXProject "NintendoPriceTracker" */ = {
			isa = XCConfigurationList;
			buildConfigurations = (
				00B2237C255DCC0B00C563E8 /* Debug */,
				00B2237D255DCC0B00C563E8 /* Release */,
			);
			defaultConfigurationIsVisible = 0;
			defaultConfigurationName = Release;
		};
		00B2237E255DCC0B00C563E8 /* Build configuration list for PBXNativeTarget "NintendoPriceTracker" */ = {
			isa = XCConfigurationList;
			buildConfigurations = (
				00B2237F255DCC0B00C563E8 /* Debug */,
				00B22380255DCC0B00C563E8 /* Release */,
			);
			defaultConfigurationIsVisible = 0;
			defaultConfigurationName = Release;
		};
		00B22381255DCC0B00C563E8 /* Build configuration list for PBXNativeTarget "NintendoPriceTrackerTests" */ = {
			isa = XCConfigurationList;
			buildConfigurations = (
				00B22382255DCC0B00C563E8 /* Debug */,
				00B22383255DCC0B00C563E8 /* Release */,
			);
			defaultConfigurationIsVisible = 0;
			defaultConfigurationName = Release;
		};
		00B22384255DCC0B00C563E8 /* Build configuration list for PBXNativeTarget "NintendoPriceTrackerUITests" */ = {
			isa = XCConfigurationList;
			buildConfigurations = (
				00B22385255DCC0B00C563E8 /* Debug */,
				00B22386255DCC0B00C563E8 /* Release */,
			);
			defaultConfigurationIsVisible = 0;
			defaultConfigurationName = Release;
		};
/* End XCConfigurationList section */
	};
	rootObject = 00B2234C255DCC0A00C563E8 /* Project object */;
}
